
Microsoft Visual Studio Solution File, Format Version 12.00
# Visual Studio Version 17
VisualStudioVersion = 17.1.32210.238
MinimumVisualStudioVersion = 10.0.40219.1
Project("{FAE04EC0-301F-11D3-BF4B-00C04F79EFBC}") = "frequencia.ConsoleAPP", "frequencia.ConsoleAPP\frequencia.ConsoleAPP.csproj", "{21F7F701-03AB-4E69-AADD-091FCAAEA46B}"
EndProject
Global
	GlobalSection(SolutionConfigurationPlatforms) = preSolution
		Debug|Any CPU = Debug|Any CPU
		Release|Any CPU = Release|Any CPU
	EndGlobalSection
	GlobalSection(ProjectConfigurationPlatforms) = postSolution
		{21F7F701-03AB-4E69-AADD-091FCAAEA46B}.Debug|Any CPU.ActiveCfg = Debug|Any CPU
		{21F7F701-03AB-4E69-AADD-091FCAAEA46B}.Debug|Any CPU.Build.0 = Debug|Any CPU
		{21F7F701-03AB-4E69-AADD-091FCAAEA46B}.Release|Any CPU.ActiveCfg = Release|Any CPU
		{21F7F701-03AB-4E69-AADD-091FCAAEA46B}.Release|Any CPU.Build.0 = Release|Any CPU
	EndGlobalSection
	GlobalSection(SolutionProperties) = preSolution
		HideSolutionNode = FALSE
	EndGlobalSection
	GlobalSection(ExtensibilityGlobals) = postSolution
		SolutionGuid = {E9736B05-2FE5-40F8-A334-41C9685C6369}
	EndGlobalSection
EndGlobal
